
Microsoft Visual Studio Solution File, Format Version 12.00
# Visual Studio 15
VisualStudioVersion = 15.0.27130.2024
MinimumVisualStudioVersion = 10.0.40219.1
Project("{FAE04EC0-301F-11D3-BF4B-00C04F79EFBC}") = "ObjectBuilding", "ObjectBuilding\ObjectBuilding.csproj", "{F3C84385-7F69-40EF-BEB5-A9A8B6702707}"
EndProject
Global
	GlobalSection(SolutionConfigurationPlatforms) = preSolution
		Debug|Any CPU = Debug|Any CPU
		Release|Any CPU = Release|Any CPU
	EndGlobalSection
	GlobalSection(ProjectConfigurationPlatforms) = postSolution
		{F3C84385-7F69-40EF-BEB5-A9A8B6702707}.Debug|Any CPU.ActiveCfg = Debug|Any CPU
		{F3C84385-7F69-40EF-BEB5-A9A8B6702707}.Debug|Any CPU.Build.0 = Debug|Any CPU
		{F3C84385-7F69-40EF-BEB5-A9A8B6702707}.Release|Any CPU.ActiveCfg = Release|Any CPU
		{F3C84385-7F69-40EF-BEB5-A9A8B6702707}.Release|Any CPU.Build.0 = Release|Any CPU
	EndGlobalSection
	GlobalSection(SolutionProperties) = preSolution
		HideSolutionNode = FALSE
	EndGlobalSection
	GlobalSection(ExtensibilityGlobals) = postSolution
		SolutionGuid = {BB186859-3BFB-46C4-9F54-9FD05A693D18}
	EndGlobalSection
EndGlobal
